
Microsoft Visual Studio Solution File, Format Version 12.00
# Visual Studio Version 16
VisualStudioVersion = 16.0.31613.86
MinimumVisualStudioVersion = 10.0.40219.1
Project("{9A19103F-16F7-4668-BE54-9A1E7A4F7556}") = "GraphTutorial", "GraphTutorial.csproj", "{5DB13CAD-FAF7-4556-902A-EA3AAC748216}"
EndProject
Global
	GlobalSection(SolutionConfigurationPlatforms) = preSolution
		Debug|Any CPU = Debug|Any CPU
		Release|Any CPU = Release|Any CPU
	EndGlobalSection
	GlobalSection(ProjectConfigurationPlatforms) = postSolution
		{5DB13CAD-FAF7-4556-902A-EA3AAC748216}.Debug|Any CPU.ActiveCfg = Debug|Any CPU
		{5DB13CAD-FAF7-4556-902A-EA3AAC748216}.Debug|Any CPU.Build.0 = Debug|Any CPU
		{5DB13CAD-FAF7-4556-902A-EA3AAC748216}.Release|Any CPU.ActiveCfg = Release|Any CPU
		{5DB13CAD-FAF7-4556-902A-EA3AAC748216}.Release|Any CPU.Build.0 = Release|Any CPU
	EndGlobalSection
	GlobalSection(SolutionProperties) = preSolution
		HideSolutionNode = FALSE
	EndGlobalSection
	GlobalSection(ExtensibilityGlobals) = postSolution
		SolutionGuid = {CC7DD3B9-AFCC-4D82-B249-D74197A3CE17}
	EndGlobalSection
EndGlobal
